
Microsoft Visual Studio Solution File, Format Version 12.00
# Visual Studio 15
Project("{FAE04EC0-301F-11D3-BF4B-00C04F79EFBC}") = "Zenject", "Zenject.csproj", "{BCDE69A6-CDD7-56AF-2FDC-F572F0B8F6B6}"
EndProject
Project("{FAE04EC0-301F-11D3-BF4B-00C04F79EFBC}") = "Zenject-IntegrationTests", "Zenject-IntegrationTests.csproj", "{F2302F62-4A6A-EC0F-BA20-51EEA93B72AC}"
EndProject
Project("{FAE04EC0-301F-11D3-BF4B-00C04F79EFBC}") = "Zenject-IntegrationTests-Editor", "Zenject-IntegrationTests-Editor.csproj", "{0D940744-0BCB-BF7A-3D82-1F051B4CA2DE}"
EndProject
Project("{FAE04EC0-301F-11D3-BF4B-00C04F79EFBC}") = "Zenject-PoolMonitor-Editor", "Zenject-PoolMonitor-Editor.csproj", "{503237DF-D0FF-DC6E-3056-148917AA2C76}"
EndProject
Project("{FAE04EC0-301F-11D3-BF4B-00C04F79EFBC}") = "Zenject-UnitTests-Editor", "Zenject-UnitTests-Editor.csproj", "{51535FC7-B561-3ED9-1458-1234D67E969F}"
EndProject
Project("{FAE04EC0-301F-11D3-BF4B-00C04F79EFBC}") = "Zenject-ReflectionBaking-Editor", "Zenject-ReflectionBaking-Editor.csproj", "{E8DB5E9F-177F-EEEB-412D-BABB81158EF8}"
EndProject
Project("{FAE04EC0-301F-11D3-BF4B-00C04F79EFBC}") = "Zenject-Editor", "Zenject-Editor.csproj", "{3AC63D3A-1AA0-8476-A99D-F7E82DE1577B}"
EndProject
Project("{FAE04EC0-301F-11D3-BF4B-00C04F79EFBC}") = "Zenject-TestFramework", "Zenject-TestFramework.csproj", "{14267037-E082-5C0C-B708-B3F5BA62DF54}"
EndProject
Global
	GlobalSection(SolutionConfigurationPlatforms) = preSolution
		Debug|Any CPU = Debug|Any CPU
		Release|Any CPU = Release|Any CPU
	EndGlobalSection
	GlobalSection(ProjectConfigurationPlatforms) = postSolution
		{BCDE69A6-CDD7-56AF-2FDC-F572F0B8F6B6}.Debug|Any CPU.ActiveCfg = Debug|Any CPU
		{BCDE69A6-CDD7-56AF-2FDC-F572F0B8F6B6}.Debug|Any CPU.Build.0 = Debug|Any CPU
		{BCDE69A6-CDD7-56AF-2FDC-F572F0B8F6B6}.Release|Any CPU.ActiveCfg = Release|Any CPU
		{BCDE69A6-CDD7-56AF-2FDC-F572F0B8F6B6}.Release|Any CPU.Build.0 = Release|Any CPU
		{F2302F62-4A6A-EC0F-BA20-51EEA93B72AC}.Debug|Any CPU.ActiveCfg = Debug|Any CPU
		{F2302F62-4A6A-EC0F-BA20-51EEA93B72AC}.Debug|Any CPU.Build.0 = Debug|Any CPU
		{F2302F62-4A6A-EC0F-BA20-51EEA93B72AC}.Release|Any CPU.ActiveCfg = Release|Any CPU
		{F2302F62-4A6A-EC0F-BA20-51EEA93B72AC}.Release|Any CPU.Build.0 = Release|Any CPU
		{0D940744-0BCB-BF7A-3D82-1F051B4CA2DE}.Debug|Any CPU.ActiveCfg = Debug|Any CPU
		{0D940744-0BCB-BF7A-3D82-1F051B4CA2DE}.Debug|Any CPU.Build.0 = Debug|Any CPU
		{0D940744-0BCB-BF7A-3D82-1F051B4CA2DE}.Release|Any CPU.ActiveCfg = Release|Any CPU
		{0D940744-0BCB-BF7A-3D82-1F051B4CA2DE}.Release|Any CPU.Build.0 = Release|Any CPU
		{503237DF-D0FF-DC6E-3056-148917AA2C76}.Debug|Any CPU.ActiveCfg = Debug|Any CPU
		{503237DF-D0FF-DC6E-3056-148917AA2C76}.Debug|Any CPU.Build.0 = Debug|Any CPU
		{503237DF-D0FF-DC6E-3056-148917AA2C76}.Release|Any CPU.ActiveCfg = Release|Any CPU
		{503237DF-D0FF-DC6E-3056-148917AA2C76}.Release|Any CPU.Build.0 = Release|Any CPU
		{51535FC7-B561-3ED9-1458-1234D67E969F}.Debug|Any CPU.ActiveCfg = Debug|Any CPU
		{51535FC7-B561-3ED9-1458-1234D67E969F}.Debug|Any CPU.Build.0 = Debug|Any CPU
		{51535FC7-B561-3ED9-1458-1234D67E969F}.Release|Any CPU.ActiveCfg = Release|Any CPU
		{51535FC7-B561-3ED9-1458-1234D67E969F}.Release|Any CPU.Build.0 = Release|Any CPU
		{E8DB5E9F-177F-EEEB-412D-BABB81158EF8}.Debug|Any CPU.ActiveCfg = Debug|Any CPU
		{E8DB5E9F-177F-EEEB-412D-BABB81158EF8}.Debug|Any CPU.Build.0 = Debug|Any CPU
		{E8DB5E9F-177F-EEEB-412D-BABB81158EF8}.Release|Any CPU.ActiveCfg = Release|Any CPU
		{E8DB5E9F-177F-EEEB-412D-BABB81158EF8}.Release|Any CPU.Build.0 = Release|Any CPU
		{3AC63D3A-1AA0-8476-A99D-F7E82DE1577B}.Debug|Any CPU.ActiveCfg = Debug|Any CPU
		{3AC63D3A-1AA0-8476-A99D-F7E82DE1577B}.Debug|Any CPU.Build.0 = Debug|Any CPU
		{3AC63D3A-1AA0-8476-A99D-F7E82DE1577B}.Release|Any CPU.ActiveCfg = Release|Any CPU
		{3AC63D3A-1AA0-8476-A99D-F7E82DE1577B}.Release|Any CPU.Build.0 = Release|Any CPU
		{14267037-E082-5C0C-B708-B3F5BA62DF54}.Debug|Any CPU.ActiveCfg = Debug|Any CPU
		{14267037-E082-5C0C-B708-B3F5BA62DF54}.Debug|Any CPU.Build.0 = Debug|Any CPU
		{14267037-E082-5C0C-B708-B3F5BA62DF54}.Release|Any CPU.ActiveCfg = Release|Any CPU
		{14267037-E082-5C0C-B708-B3F5BA62DF54}.Release|Any CPU.Build.0 = Release|Any CPU
	EndGlobalSection
	GlobalSection(SolutionProperties) = preSolution
		HideSolutionNode = FALSE
	EndGlobalSection
EndGlobal
